
Microsoft Visual Studio Solution File, Format Version 12.00
# Visual Studio Version 17
VisualStudioVersion = 17.7.34031.279
MinimumVisualStudioVersion = 10.0.40219.1
Project("{2150E333-8FDC-42A3-9474-1A3956D46DE8}") = "Frontends", "Frontends", "{30E78039-CF98-4701-886D-0F436009DA97}"
EndProject
Project("{2150E333-8FDC-42A3-9474-1A3956D46DE8}") = "IdentityServer", "IdentityServer", "{4BAEB157-C304-46BE-93FD-E3B68825A980}"
EndProject
Project("{2150E333-8FDC-42A3-9474-1A3956D46DE8}") = "Services", "Services", "{B39321F1-A565-4A9A-BE53-5E38551A878A}"
EndProject
Project("{2150E333-8FDC-42A3-9474-1A3956D46DE8}") = "Requirements", "Requirements", "{E39317DC-E0DF-426E-922A-6278E8B6367C}"
EndProject
Project("{2150E333-8FDC-42A3-9474-1A3956D46DE8}") = "Catalog", "Catalog", "{BF56613C-7518-430F-A018-321851A60866}"
EndProject
Project("{9A19103F-16F7-4668-BE54-9A1E7A4F7556}") = "TakeAwayNight.Catalog", "Services\Catalog\TakeAwayNight.Catalog\TakeAwayNight.Catalog.csproj", "{1A00C65E-E72F-4760-AC04-A0592EBDA533}"
EndProject
Project("{2150E333-8FDC-42A3-9474-1A3956D46DE8}") = "Discount", "Discount", "{1C83F476-A437-460D-BEE2-C0488E269F1D}"
EndProject
Project("{FAE04EC0-301F-11D3-BF4B-00C04F79EFBC}") = "TakeAwayNight.Discount", "Services\Discount\TakeAwayNight.Discount\TakeAwayNight.Discount.csproj", "{C09440A9-9893-489A-A7F9-F9F0F47695BE}"
EndProject
Global
	GlobalSection(SolutionConfigurationPlatforms) = preSolution
		Debug|Any CPU = Debug|Any CPU
		Release|Any CPU = Release|Any CPU
	EndGlobalSection
	GlobalSection(ProjectConfigurationPlatforms) = postSolution
		{1A00C65E-E72F-4760-AC04-A0592EBDA533}.Debug|Any CPU.ActiveCfg = Debug|Any CPU
		{1A00C65E-E72F-4760-AC04-A0592EBDA533}.Debug|Any CPU.Build.0 = Debug|Any CPU
		{1A00C65E-E72F-4760-AC04-A0592EBDA533}.Release|Any CPU.ActiveCfg = Release|Any CPU
		{1A00C65E-E72F-4760-AC04-A0592EBDA533}.Release|Any CPU.Build.0 = Release|Any CPU
		{C09440A9-9893-489A-A7F9-F9F0F47695BE}.Debug|Any CPU.ActiveCfg = Debug|Any CPU
		{C09440A9-9893-489A-A7F9-F9F0F47695BE}.Debug|Any CPU.Build.0 = Debug|Any CPU
		{C09440A9-9893-489A-A7F9-F9F0F47695BE}.Release|Any CPU.ActiveCfg = Release|Any CPU
		{C09440A9-9893-489A-A7F9-F9F0F47695BE}.Release|Any CPU.Build.0 = Release|Any CPU
	EndGlobalSection
	GlobalSection(SolutionProperties) = preSolution
		HideSolutionNode = FALSE
	EndGlobalSection
	GlobalSection(NestedProjects) = preSolution
		{BF56613C-7518-430F-A018-321851A60866} = {B39321F1-A565-4A9A-BE53-5E38551A878A}
		{1A00C65E-E72F-4760-AC04-A0592EBDA533} = {BF56613C-7518-430F-A018-321851A60866}
		{1C83F476-A437-460D-BEE2-C0488E269F1D} = {B39321F1-A565-4A9A-BE53-5E38551A878A}
		{C09440A9-9893-489A-A7F9-F9F0F47695BE} = {1C83F476-A437-460D-BEE2-C0488E269F1D}
	EndGlobalSection
	GlobalSection(ExtensibilityGlobals) = postSolution
		SolutionGuid = {63511903-D8A5-4511-8980-F92E6AC4DA56}
	EndGlobalSection
EndGlobal
