
Microsoft Visual Studio Solution File, Format Version 12.00
# Visual Studio Version 17
VisualStudioVersion = 17.7.34031.279
MinimumVisualStudioVersion = 10.0.40219.1
Project("{2150E333-8FDC-42A3-9474-1A3956D46DE8}") = "Frontends", "Frontends", "{30E78039-CF98-4701-886D-0F436009DA97}"
EndProject
Project("{2150E333-8FDC-42A3-9474-1A3956D46DE8}") = "IdentityServer", "IdentityServer", "{4BAEB157-C304-46BE-93FD-E3B68825A980}"
EndProject
Project("{2150E333-8FDC-42A3-9474-1A3956D46DE8}") = "Services", "Services", "{B39321F1-A565-4A9A-BE53-5E38551A878A}"
EndProject
Project("{2150E333-8FDC-42A3-9474-1A3956D46DE8}") = "Requirements", "Requirements", "{E39317DC-E0DF-426E-922A-6278E8B6367C}"
EndProject
Project("{2150E333-8FDC-42A3-9474-1A3956D46DE8}") = "Catalog", "Catalog", "{BF56613C-7518-430F-A018-321851A60866}"
EndProject
Project("{9A19103F-16F7-4668-BE54-9A1E7A4F7556}") = "TakeAwayNight.Catalog", "Services\Catalog\TakeAwayNight.Catalog\TakeAwayNight.Catalog.csproj", "{1A00C65E-E72F-4760-AC04-A0592EBDA533}"
EndProject
Project("{2150E333-8FDC-42A3-9474-1A3956D46DE8}") = "Discount", "Discount", "{1C83F476-A437-460D-BEE2-C0488E269F1D}"
EndProject
Project("{9A19103F-16F7-4668-BE54-9A1E7A4F7556}") = "TakeAwayNight.Discount", "Services\Discount\TakeAwayNight.Discount\TakeAwayNight.Discount.csproj", "{C09440A9-9893-489A-A7F9-F9F0F47695BE}"
EndProject
Project("{2150E333-8FDC-42A3-9474-1A3956D46DE8}") = "Order", "Order", "{25BED459-8A70-4A75-A25E-AEA90458D0E9}"
EndProject
Project("{2150E333-8FDC-42A3-9474-1A3956D46DE8}") = "Core", "Core", "{F5AF0FE1-A76C-42A7-8F4A-148543D5FE22}"
EndProject
Project("{2150E333-8FDC-42A3-9474-1A3956D46DE8}") = "Infrastructure", "Infrastructure", "{DC362C90-3FE1-4AB0-8737-84D8455AD833}"
EndProject
Project("{2150E333-8FDC-42A3-9474-1A3956D46DE8}") = "Presentation", "Presentation", "{CA784D5C-7CBE-40FC-9C39-927D1F1D83F4}"
EndProject
Project("{9A19103F-16F7-4668-BE54-9A1E7A4F7556}") = "TakeAwayNight.Application", "Services\Order\Core\TakeAwayNight.Application\TakeAwayNight.Application.csproj", "{27914882-3110-4BF5-B616-10D7E01CEB73}"
EndProject
Project("{9A19103F-16F7-4668-BE54-9A1E7A4F7556}") = "TakeAwayNight.Domain", "Services\Order\Core\TakeAwavyNight.Domain\TakeAwayNight.Domain.csproj", "{CE3D9CE9-D098-4C53-A0C8-A73E9475AE3F}"
EndProject
Project("{9A19103F-16F7-4668-BE54-9A1E7A4F7556}") = "TakeAwayNight.Persistence", "Services\Order\Infrastructure\TakeAwayNight.Persistence\TakeAwayNight.Persistence.csproj", "{FE058A26-A36D-422E-A930-C063DFE9F458}"
EndProject
Project("{9A19103F-16F7-4668-BE54-9A1E7A4F7556}") = "TakeAwayNight.OrderApi", "Services\Order\Presentation\TakeAwayNight.OrderApi\TakeAwayNight.OrderApi.csproj", "{1704E9CD-3F51-4405-8DE2-676A537AE7D3}"
EndProject
Project("{9A19103F-16F7-4668-BE54-9A1E7A4F7556}") = "TakeAwayNight.IdentityServer", "IdentityServer\TakeAwayNight.IdentityServer\TakeAwayNight.IdentityServer.csproj", "{046E8B37-0983-4AF0-8F59-429B77F6762F}"
EndProject
Global
	GlobalSection(SolutionConfigurationPlatforms) = preSolution
		Debug|Any CPU = Debug|Any CPU
		Release|Any CPU = Release|Any CPU
	EndGlobalSection
	GlobalSection(ProjectConfigurationPlatforms) = postSolution
		{1A00C65E-E72F-4760-AC04-A0592EBDA533}.Debug|Any CPU.ActiveCfg = Debug|Any CPU
		{1A00C65E-E72F-4760-AC04-A0592EBDA533}.Debug|Any CPU.Build.0 = Debug|Any CPU
		{1A00C65E-E72F-4760-AC04-A0592EBDA533}.Release|Any CPU.ActiveCfg = Release|Any CPU
		{1A00C65E-E72F-4760-AC04-A0592EBDA533}.Release|Any CPU.Build.0 = Release|Any CPU
		{C09440A9-9893-489A-A7F9-F9F0F47695BE}.Debug|Any CPU.ActiveCfg = Debug|Any CPU
		{C09440A9-9893-489A-A7F9-F9F0F47695BE}.Debug|Any CPU.Build.0 = Debug|Any CPU
		{C09440A9-9893-489A-A7F9-F9F0F47695BE}.Release|Any CPU.ActiveCfg = Release|Any CPU
		{C09440A9-9893-489A-A7F9-F9F0F47695BE}.Release|Any CPU.Build.0 = Release|Any CPU
		{27914882-3110-4BF5-B616-10D7E01CEB73}.Debug|Any CPU.ActiveCfg = Debug|Any CPU
		{27914882-3110-4BF5-B616-10D7E01CEB73}.Debug|Any CPU.Build.0 = Debug|Any CPU
		{27914882-3110-4BF5-B616-10D7E01CEB73}.Release|Any CPU.ActiveCfg = Release|Any CPU
		{27914882-3110-4BF5-B616-10D7E01CEB73}.Release|Any CPU.Build.0 = Release|Any CPU
		{CE3D9CE9-D098-4C53-A0C8-A73E9475AE3F}.Debug|Any CPU.ActiveCfg = Debug|Any CPU
		{CE3D9CE9-D098-4C53-A0C8-A73E9475AE3F}.Debug|Any CPU.Build.0 = Debug|Any CPU
		{CE3D9CE9-D098-4C53-A0C8-A73E9475AE3F}.Release|Any CPU.ActiveCfg = Release|Any CPU
		{CE3D9CE9-D098-4C53-A0C8-A73E9475AE3F}.Release|Any CPU.Build.0 = Release|Any CPU
		{FE058A26-A36D-422E-A930-C063DFE9F458}.Debug|Any CPU.ActiveCfg = Debug|Any CPU
		{FE058A26-A36D-422E-A930-C063DFE9F458}.Debug|Any CPU.Build.0 = Debug|Any CPU
		{FE058A26-A36D-422E-A930-C063DFE9F458}.Release|Any CPU.ActiveCfg = Release|Any CPU
		{FE058A26-A36D-422E-A930-C063DFE9F458}.Release|Any CPU.Build.0 = Release|Any CPU
		{1704E9CD-3F51-4405-8DE2-676A537AE7D3}.Debug|Any CPU.ActiveCfg = Debug|Any CPU
		{1704E9CD-3F51-4405-8DE2-676A537AE7D3}.Debug|Any CPU.Build.0 = Debug|Any CPU
		{1704E9CD-3F51-4405-8DE2-676A537AE7D3}.Release|Any CPU.ActiveCfg = Release|Any CPU
		{1704E9CD-3F51-4405-8DE2-676A537AE7D3}.Release|Any CPU.Build.0 = Release|Any CPU
		{046E8B37-0983-4AF0-8F59-429B77F6762F}.Debug|Any CPU.ActiveCfg = Debug|Any CPU
		{046E8B37-0983-4AF0-8F59-429B77F6762F}.Debug|Any CPU.Build.0 = Debug|Any CPU
		{046E8B37-0983-4AF0-8F59-429B77F6762F}.Release|Any CPU.ActiveCfg = Release|Any CPU
		{046E8B37-0983-4AF0-8F59-429B77F6762F}.Release|Any CPU.Build.0 = Release|Any CPU
	EndGlobalSection
	GlobalSection(SolutionProperties) = preSolution
		HideSolutionNode = FALSE
	EndGlobalSection
	GlobalSection(NestedProjects) = preSolution
		{BF56613C-7518-430F-A018-321851A60866} = {B39321F1-A565-4A9A-BE53-5E38551A878A}
		{1A00C65E-E72F-4760-AC04-A0592EBDA533} = {BF56613C-7518-430F-A018-321851A60866}
		{1C83F476-A437-460D-BEE2-C0488E269F1D} = {B39321F1-A565-4A9A-BE53-5E38551A878A}
		{C09440A9-9893-489A-A7F9-F9F0F47695BE} = {1C83F476-A437-460D-BEE2-C0488E269F1D}
		{25BED459-8A70-4A75-A25E-AEA90458D0E9} = {B39321F1-A565-4A9A-BE53-5E38551A878A}
		{F5AF0FE1-A76C-42A7-8F4A-148543D5FE22} = {25BED459-8A70-4A75-A25E-AEA90458D0E9}
		{DC362C90-3FE1-4AB0-8737-84D8455AD833} = {25BED459-8A70-4A75-A25E-AEA90458D0E9}
		{CA784D5C-7CBE-40FC-9C39-927D1F1D83F4} = {25BED459-8A70-4A75-A25E-AEA90458D0E9}
		{27914882-3110-4BF5-B616-10D7E01CEB73} = {F5AF0FE1-A76C-42A7-8F4A-148543D5FE22}
		{CE3D9CE9-D098-4C53-A0C8-A73E9475AE3F} = {F5AF0FE1-A76C-42A7-8F4A-148543D5FE22}
		{FE058A26-A36D-422E-A930-C063DFE9F458} = {DC362C90-3FE1-4AB0-8737-84D8455AD833}
		{1704E9CD-3F51-4405-8DE2-676A537AE7D3} = {CA784D5C-7CBE-40FC-9C39-927D1F1D83F4}
		{046E8B37-0983-4AF0-8F59-429B77F6762F} = {4BAEB157-C304-46BE-93FD-E3B68825A980}
	EndGlobalSection
	GlobalSection(ExtensibilityGlobals) = postSolution
		SolutionGuid = {63511903-D8A5-4511-8980-F92E6AC4DA56}
	EndGlobalSection
EndGlobal
